// !$*UTF8*$!
{
	archiveVersion = 1;
	classes = {
	};
	objectVersion = 56;
	objects = {

/* Begin PBXBuildFile section */
		BE0A68852C88EE3C007B9DBF /* URLSessionHTTPClient.m in Sources */ = {isa = PBXBuildFile; fileRef = BE0A68842C88EE3C007B9DBF /* URLSessionHTTPClient.m */; };
		BE15F7E92C89AA6900B4559A /* PhotosViewModel.m in Sources */ = {isa = PBXBuildFile; fileRef = BE15F7E82C89AA6900B4559A /* PhotosViewModel.m */; };
		BE15F7ED2C89B25200B4559A /* RemoteImageDataLoader.m in Sources */ = {isa = PBXBuildFile; fileRef = BE15F7EC2C89B25200B4559A /* RemoteImageDataLoader.m */; };
		BE15F7EF2C89B85200B4559A /* HTTPClient.m in Sources */ = {isa = PBXBuildFile; fileRef = BE15F7EE2C89B85200B4559A /* HTTPClient.m */; };
		BE15F7F52C89C85B00B4559A /* URLSessionHTTPClientTask.m in Sources */ = {isa = PBXBuildFile; fileRef = BE15F7F42C89C85B00B4559A /* URLSessionHTTPClientTask.m */; };
		BE15F7F82C89CD3500B4559A /* RemoteImageDataLoaderTask.m in Sources */ = {isa = PBXBuildFile; fileRef = BE15F7F72C89CD3500B4559A /* RemoteImageDataLoaderTask.m */; };
		BE15F7FB2C89DED600B4559A /* PhotoImageDataViewModel.m in Sources */ = {isa = PBXBuildFile; fileRef = BE15F7FA2C89DED600B4559A /* PhotoImageDataViewModel.m */; };
		BE70EA7E2C8C32A000FE035E /* PhotosLoaderDispatchToMainDecorator.m in Sources */ = {isa = PBXBuildFile; fileRef = BE70EA7D2C8C32A000FE035E /* PhotosLoaderDispatchToMainDecorator.m */; };
		BE7AF7F42C88B4E900DA8BF3 /* RemotePhotosLoader.m in Sources */ = {isa = PBXBuildFile; fileRef = BE7AF7F32C88B4E900DA8BF3 /* RemotePhotosLoader.m */; };
		BE7AF7F82C88B81C00DA8BF3 /* Photo.m in Sources */ = {isa = PBXBuildFile; fileRef = BE7AF7F72C88B81C00DA8BF3 /* Photo.m */; };
		BE8379A82C8867B600B785E3 /* AppDelegate.m in Sources */ = {isa = PBXBuildFile; fileRef = BE8379A72C8867B600B785E3 /* AppDelegate.m */; };
		BE8379AB2C8867B600B785E3 /* SceneDelegate.m in Sources */ = {isa = PBXBuildFile; fileRef = BE8379AA2C8867B600B785E3 /* SceneDelegate.m */; };
		BE8379AE2C8867B600B785E3 /* PhotosViewController.m in Sources */ = {isa = PBXBuildFile; fileRef = BE8379AD2C8867B600B785E3 /* PhotosViewController.m */; };
		BE8379B32C8867B700B785E3 /* Assets.xcassets in Resources */ = {isa = PBXBuildFile; fileRef = BE8379B22C8867B700B785E3 /* Assets.xcassets */; };
		BE8379B62C8867B700B785E3 /* Base in Resources */ = {isa = PBXBuildFile; fileRef = BE8379B52C8867B700B785E3 /* Base */; };
		BE8379B92C8867B700B785E3 /* main.m in Sources */ = {isa = PBXBuildFile; fileRef = BE8379B82C8867B700B785E3 /* main.m */; };
		BE8379C42C886FEB00B785E3 /* PhotoCell.m in Sources */ = {isa = PBXBuildFile; fileRef = BE8379C32C886FEB00B785E3 /* PhotoCell.m */; };
		BE8EBACF2C8EEFBB00B51002 /* ImageDataCacher.m in Sources */ = {isa = PBXBuildFile; fileRef = BE8EBACE2C8EEFBB00B51002 /* ImageDataCacher.m */; };
		BE8EBAD22C8EF55C00B51002 /* ImageDataCacherDataLoadTask.m in Sources */ = {isa = PBXBuildFile; fileRef = BE8EBAD12C8EF55C00B51002 /* ImageDataCacherDataLoadTask.m */; };
		BE99AEB72C8AEDD4005A6201 /* PhotoCellController.m in Sources */ = {isa = PBXBuildFile; fileRef = BE99AEB62C8AEDD4005A6201 /* PhotoCellController.m */; };
		BE99AEBA2C8B4E6F005A6201 /* ShimmeringView.m in Sources */ = {isa = PBXBuildFile; fileRef = BE99AEB92C8B4E6F005A6201 /* ShimmeringView.m */; };
		BE99AEC02C8B6BF2005A6201 /* PhotosViewComposer.m in Sources */ = {isa = PBXBuildFile; fileRef = BE99AEBF2C8B6BF2005A6201 /* PhotosViewComposer.m */; };
		BE99AEC42C8B74F3005A6201 /* ImageDataLoaderDispatchToMainDecorator.m in Sources */ = {isa = PBXBuildFile; fileRef = BE99AEC32C8B74F3005A6201 /* ImageDataLoaderDispatchToMainDecorator.m */; };
/* End PBXBuildFile section */

/* Begin PBXFileReference section */
		BE0A68842C88EE3C007B9DBF /* URLSessionHTTPClient.m */ = {isa = PBXFileReference; lastKnownFileType = sourcecode.c.objc; path = URLSessionHTTPClient.m; sourceTree = "<group>"; };
		BE0A68862C88EE54007B9DBF /* URLSessionHTTPClient.h */ = {isa = PBXFileReference; lastKnownFileType = sourcecode.c.h; path = URLSessionHTTPClient.h; sourceTree = "<group>"; };
		BE15F7E52C8999E600B4559A /* PhotosLoader.h */ = {isa = PBXFileReference; lastKnownFileType = sourcecode.c.h; path = PhotosLoader.h; sourceTree = "<group>"; };
		BE15F7E72C89A7E300B4559A /* PhotosViewModel.h */ = {isa = PBXFileReference; lastKnownFileType = sourcecode.c.h; path = PhotosViewModel.h; sourceTree = "<group>"; };
		BE15F7E82C89AA6900B4559A /* PhotosViewModel.m */ = {isa = PBXFileReference; lastKnownFileType = sourcecode.c.objc; path = PhotosViewModel.m; sourceTree = "<group>"; };
		BE15F7EA2C89B0DC00B4559A /* ImageDataLoader.h */ = {isa = PBXFileReference; lastKnownFileType = sourcecode.c.h; path = ImageDataLoader.h; sourceTree = "<group>"; };
		BE15F7EB2C89B17600B4559A /* RemoteImageDataLoader.h */ = {isa = PBXFileReference; lastKnownFileType = sourcecode.c.h; path = RemoteImageDataLoader.h; sourceTree = "<group>"; };
		BE15F7EC2C89B25200B4559A /* RemoteImageDataLoader.m */ = {isa = PBXFileReference; lastKnownFileType = sourcecode.c.objc; path = RemoteImageDataLoader.m; sourceTree = "<group>"; };
		BE15F7EE2C89B85200B4559A /* HTTPClient.m */ = {isa = PBXFileReference; lastKnownFileType = sourcecode.c.objc; path = HTTPClient.m; sourceTree = "<group>"; };
		BE15F7F32C89C80300B4559A /* URLSessionHTTPClientTask.h */ = {isa = PBXFileReference; lastKnownFileType = sourcecode.c.h; path = URLSessionHTTPClientTask.h; sourceTree = "<group>"; };
		BE15F7F42C89C85B00B4559A /* URLSessionHTTPClientTask.m */ = {isa = PBXFileReference; lastKnownFileType = sourcecode.c.objc; path = URLSessionHTTPClientTask.m; sourceTree = "<group>"; };
		BE15F7F62C89CC6A00B4559A /* RemoteImageDataLoaderTask.h */ = {isa = PBXFileReference; lastKnownFileType = sourcecode.c.h; path = RemoteImageDataLoaderTask.h; sourceTree = "<group>"; };
		BE15F7F72C89CD3500B4559A /* RemoteImageDataLoaderTask.m */ = {isa = PBXFileReference; lastKnownFileType = sourcecode.c.objc; path = RemoteImageDataLoaderTask.m; sourceTree = "<group>"; };
		BE15F7F92C89DEBB00B4559A /* PhotoImageDataViewModel.h */ = {isa = PBXFileReference; lastKnownFileType = sourcecode.c.h; path = PhotoImageDataViewModel.h; sourceTree = "<group>"; };
		BE15F7FA2C89DED600B4559A /* PhotoImageDataViewModel.m */ = {isa = PBXFileReference; lastKnownFileType = sourcecode.c.objc; path = PhotoImageDataViewModel.m; sourceTree = "<group>"; };
		BE70EA7C2C8C329600FE035E /* PhotosLoaderDispatchToMainDecorator.h */ = {isa = PBXFileReference; lastKnownFileType = sourcecode.c.h; path = PhotosLoaderDispatchToMainDecorator.h; sourceTree = "<group>"; };
		BE70EA7D2C8C32A000FE035E /* PhotosLoaderDispatchToMainDecorator.m */ = {isa = PBXFileReference; lastKnownFileType = sourcecode.c.objc; path = PhotosLoaderDispatchToMainDecorator.m; sourceTree = "<group>"; };
		BE7AF7F12C88B07B00DA8BF3 /* HTTPClient.h */ = {isa = PBXFileReference; lastKnownFileType = sourcecode.c.h; path = HTTPClient.h; sourceTree = "<group>"; };
		BE7AF7F32C88B4E900DA8BF3 /* RemotePhotosLoader.m */ = {isa = PBXFileReference; lastKnownFileType = sourcecode.c.objc; path = RemotePhotosLoader.m; sourceTree = "<group>"; };
		BE7AF7F52C88B50200DA8BF3 /* RemotePhotosLoader.h */ = {isa = PBXFileReference; lastKnownFileType = sourcecode.c.h; path = RemotePhotosLoader.h; sourceTree = "<group>"; };
		BE7AF7F62C88B7F400DA8BF3 /* Photo.h */ = {isa = PBXFileReference; lastKnownFileType = sourcecode.c.h; path = Photo.h; sourceTree = "<group>"; };
		BE7AF7F72C88B81C00DA8BF3 /* Photo.m */ = {isa = PBXFileReference; lastKnownFileType = sourcecode.c.objc; path = Photo.m; sourceTree = "<group>"; };
		BE8379A32C8867B600B785E3 /* ObjCPractice.app */ = {isa = PBXFileReference; explicitFileType = wrapper.application; includeInIndex = 0; path = ObjCPractice.app; sourceTree = BUILT_PRODUCTS_DIR; };
		BE8379A62C8867B600B785E3 /* AppDelegate.h */ = {isa = PBXFileReference; lastKnownFileType = sourcecode.c.h; path = AppDelegate.h; sourceTree = "<group>"; };
		BE8379A72C8867B600B785E3 /* AppDelegate.m */ = {isa = PBXFileReference; lastKnownFileType = sourcecode.c.objc; path = AppDelegate.m; sourceTree = "<group>"; };
		BE8379A92C8867B600B785E3 /* SceneDelegate.h */ = {isa = PBXFileReference; lastKnownFileType = sourcecode.c.h; path = SceneDelegate.h; sourceTree = "<group>"; };
		BE8379AA2C8867B600B785E3 /* SceneDelegate.m */ = {isa = PBXFileReference; lastKnownFileType = sourcecode.c.objc; path = SceneDelegate.m; sourceTree = "<group>"; };
		BE8379AC2C8867B600B785E3 /* PhotosViewController.h */ = {isa = PBXFileReference; lastKnownFileType = sourcecode.c.h; path = PhotosViewController.h; sourceTree = "<group>"; };
		BE8379AD2C8867B600B785E3 /* PhotosViewController.m */ = {isa = PBXFileReference; lastKnownFileType = sourcecode.c.objc; path = PhotosViewController.m; sourceTree = "<group>"; };
		BE8379B22C8867B700B785E3 /* Assets.xcassets */ = {isa = PBXFileReference; lastKnownFileType = folder.assetcatalog; path = Assets.xcassets; sourceTree = "<group>"; };
		BE8379B52C8867B700B785E3 /* Base */ = {isa = PBXFileReference; lastKnownFileType = file.storyboard; name = Base; path = Base.lproj/LaunchScreen.storyboard; sourceTree = "<group>"; };
		BE8379B72C8867B700B785E3 /* Info.plist */ = {isa = PBXFileReference; lastKnownFileType = text.plist.xml; path = Info.plist; sourceTree = "<group>"; };
		BE8379B82C8867B700B785E3 /* main.m */ = {isa = PBXFileReference; lastKnownFileType = sourcecode.c.objc; path = main.m; sourceTree = "<group>"; };
		BE8379C22C886FB800B785E3 /* PhotoCell.h */ = {isa = PBXFileReference; lastKnownFileType = sourcecode.c.h; path = PhotoCell.h; sourceTree = "<group>"; };
		BE8379C32C886FEB00B785E3 /* PhotoCell.m */ = {isa = PBXFileReference; lastKnownFileType = sourcecode.c.objc; path = PhotoCell.m; sourceTree = "<group>"; };
		BE8EBACC2C8EEBBC00B51002 /* ImageDataStore.h */ = {isa = PBXFileReference; lastKnownFileType = sourcecode.c.h; path = ImageDataStore.h; sourceTree = "<group>"; };
		BE8EBACD2C8EEE3500B51002 /* ImageDataCacher.h */ = {isa = PBXFileReference; lastKnownFileType = sourcecode.c.h; path = ImageDataCacher.h; sourceTree = "<group>"; };
		BE8EBACE2C8EEFBB00B51002 /* ImageDataCacher.m */ = {isa = PBXFileReference; lastKnownFileType = sourcecode.c.objc; path = ImageDataCacher.m; sourceTree = "<group>"; };
		BE8EBAD02C8EF49B00B51002 /* ImageDataCacherDataLoadTask.h */ = {isa = PBXFileReference; lastKnownFileType = sourcecode.c.h; path = ImageDataCacherDataLoadTask.h; sourceTree = "<group>"; };
		BE8EBAD12C8EF55C00B51002 /* ImageDataCacherDataLoadTask.m */ = {isa = PBXFileReference; lastKnownFileType = sourcecode.c.objc; path = ImageDataCacherDataLoadTask.m; sourceTree = "<group>"; };
		BE99AEB52C8AEDB9005A6201 /* PhotoCellController.h */ = {isa = PBXFileReference; lastKnownFileType = sourcecode.c.h; path = PhotoCellController.h; sourceTree = "<group>"; };
		BE99AEB62C8AEDD4005A6201 /* PhotoCellController.m */ = {isa = PBXFileReference; lastKnownFileType = sourcecode.c.objc; path = PhotoCellController.m; sourceTree = "<group>"; };
		BE99AEB82C8B3D44005A6201 /* HTTPClientTask.h */ = {isa = PBXFileReference; lastKnownFileType = sourcecode.c.h; path = HTTPClientTask.h; sourceTree = "<group>"; };
		BE99AEB92C8B4E6F005A6201 /* ShimmeringView.m */ = {isa = PBXFileReference; lastKnownFileType = sourcecode.c.objc; path = ShimmeringView.m; sourceTree = "<group>"; };
		BE99AEBB2C8B4E78005A6201 /* ShimmeringView.h */ = {isa = PBXFileReference; lastKnownFileType = sourcecode.c.h; path = ShimmeringView.h; sourceTree = "<group>"; };
		BE99AEBD2C8B6AA8005A6201 /* ImageDataLoaderTask.h */ = {isa = PBXFileReference; lastKnownFileType = sourcecode.c.h; path = ImageDataLoaderTask.h; sourceTree = "<group>"; };
		BE99AEBE2C8B6BD6005A6201 /* PhotosViewComposer.h */ = {isa = PBXFileReference; lastKnownFileType = sourcecode.c.h; path = PhotosViewComposer.h; sourceTree = "<group>"; };
		BE99AEBF2C8B6BF2005A6201 /* PhotosViewComposer.m */ = {isa = PBXFileReference; lastKnownFileType = sourcecode.c.objc; path = PhotosViewComposer.m; sourceTree = "<group>"; };
		BE99AEC22C8B74D6005A6201 /* ImageDataLoaderDispatchToMainDecorator.h */ = {isa = PBXFileReference; lastKnownFileType = sourcecode.c.h; path = ImageDataLoaderDispatchToMainDecorator.h; sourceTree = "<group>"; };
		BE99AEC32C8B74F3005A6201 /* ImageDataLoaderDispatchToMainDecorator.m */ = {isa = PBXFileReference; lastKnownFileType = sourcecode.c.objc; path = ImageDataLoaderDispatchToMainDecorator.m; sourceTree = "<group>"; };
/* End PBXFileReference section */

/* Begin PBXFrameworksBuildPhase section */
		BE8379A02C8867B600B785E3 /* Frameworks */ = {
			isa = PBXFrameworksBuildPhase;
			buildActionMask = 2147483647;
			files = (
			);
			runOnlyForDeploymentPostprocessing = 0;
		};
/* End PBXFrameworksBuildPhase section */

/* Begin PBXGroup section */
		BE15F7E62C89A77300B4559A /* Presentation */ = {
			isa = PBXGroup;
			children = (
				BE15F7E72C89A7E300B4559A /* PhotosViewModel.h */,
				BE15F7E82C89AA6900B4559A /* PhotosViewModel.m */,
				BE15F7F92C89DEBB00B4559A /* PhotoImageDataViewModel.h */,
				BE15F7FA2C89DED600B4559A /* PhotoImageDataViewModel.m */,
			);
			path = Presentation;
			sourceTree = "<group>";
		};
		BE15F7F02C89BB1D00B4559A /* Model */ = {
			isa = PBXGroup;
			children = (
				BE7AF7F62C88B7F400DA8BF3 /* Photo.h */,
				BE7AF7F72C88B81C00DA8BF3 /* Photo.m */,
			);
			path = Model;
			sourceTree = "<group>";
		};
		BE15F7F12C89BD3B00B4559A /* Main */ = {
			isa = PBXGroup;
			children = (
				BE70EA7F2C8C717000FE035E /* Composition */,
				BE8379A62C8867B600B785E3 /* AppDelegate.h */,
				BE8379A72C8867B600B785E3 /* AppDelegate.m */,
				BE8379A92C8867B600B785E3 /* SceneDelegate.h */,
				BE8379AA2C8867B600B785E3 /* SceneDelegate.m */,
			);
			path = Main;
			sourceTree = "<group>";
		};
		BE70EA7F2C8C717000FE035E /* Composition */ = {
			isa = PBXGroup;
			children = (
				BE99AEBE2C8B6BD6005A6201 /* PhotosViewComposer.h */,
				BE99AEBF2C8B6BF2005A6201 /* PhotosViewComposer.m */,
				BE70EA7C2C8C329600FE035E /* PhotosLoaderDispatchToMainDecorator.h */,
				BE70EA7D2C8C32A000FE035E /* PhotosLoaderDispatchToMainDecorator.m */,
				BE99AEC22C8B74D6005A6201 /* ImageDataLoaderDispatchToMainDecorator.h */,
				BE99AEC32C8B74F3005A6201 /* ImageDataLoaderDispatchToMainDecorator.m */,
			);
			path = Composition;
			sourceTree = "<group>";
		};
		BE7AF7F02C88B02400DA8BF3 /* Networking */ = {
			isa = PBXGroup;
			children = (
				BE7AF7F22C88B08A00DA8BF3 /* Infra */,
				BE15F7E52C8999E600B4559A /* PhotosLoader.h */,
				BE7AF7F52C88B50200DA8BF3 /* RemotePhotosLoader.h */,
				BE7AF7F32C88B4E900DA8BF3 /* RemotePhotosLoader.m */,
				BE99AEBD2C8B6AA8005A6201 /* ImageDataLoaderTask.h */,
				BE15F7EA2C89B0DC00B4559A /* ImageDataLoader.h */,
				BE15F7F62C89CC6A00B4559A /* RemoteImageDataLoaderTask.h */,
				BE15F7F72C89CD3500B4559A /* RemoteImageDataLoaderTask.m */,
				BE15F7EB2C89B17600B4559A /* RemoteImageDataLoader.h */,
				BE15F7EC2C89B25200B4559A /* RemoteImageDataLoader.m */,
			);
			path = Networking;
			sourceTree = "<group>";
		};
		BE7AF7F22C88B08A00DA8BF3 /* Infra */ = {
			isa = PBXGroup;
			children = (
				BE99AEB82C8B3D44005A6201 /* HTTPClientTask.h */,
				BE7AF7F12C88B07B00DA8BF3 /* HTTPClient.h */,
				BE15F7EE2C89B85200B4559A /* HTTPClient.m */,
				BE15F7F32C89C80300B4559A /* URLSessionHTTPClientTask.h */,
				BE15F7F42C89C85B00B4559A /* URLSessionHTTPClientTask.m */,
				BE0A68862C88EE54007B9DBF /* URLSessionHTTPClient.h */,
				BE0A68842C88EE3C007B9DBF /* URLSessionHTTPClient.m */,
			);
			path = Infra;
			sourceTree = "<group>";
		};
		BE83799A2C8867B600B785E3 = {
			isa = PBXGroup;
			children = (
				BE8379A52C8867B600B785E3 /* ObjCPractice */,
				BE8379A42C8867B600B785E3 /* Products */,
			);
			sourceTree = "<group>";
		};
		BE8379A42C8867B600B785E3 /* Products */ = {
			isa = PBXGroup;
			children = (
				BE8379A32C8867B600B785E3 /* ObjCPractice.app */,
			);
			name = Products;
			sourceTree = "<group>";
		};
		BE8379A52C8867B600B785E3 /* ObjCPractice */ = {
			isa = PBXGroup;
			children = (
				BE15F7F12C89BD3B00B4559A /* Main */,
				BE15F7F02C89BB1D00B4559A /* Model */,
				BE7AF7F02C88B02400DA8BF3 /* Networking */,
				BE8EBACB2C8EEB0000B51002 /* Cache */,
				BE15F7E62C89A77300B4559A /* Presentation */,
				BE8379C02C886F8500B785E3 /* UI */,
				BE8379B22C8867B700B785E3 /* Assets.xcassets */,
				BE8379B42C8867B700B785E3 /* LaunchScreen.storyboard */,
				BE8379B72C8867B700B785E3 /* Info.plist */,
				BE8379B82C8867B700B785E3 /* main.m */,
			);
			path = ObjCPractice;
			sourceTree = "<group>";
		};
		BE8379BF2C8869C800B785E3 /* View Controllers */ = {
			isa = PBXGroup;
			children = (
				BE8379AC2C8867B600B785E3 /* PhotosViewController.h */,
				BE8379AD2C8867B600B785E3 /* PhotosViewController.m */,
				BE99AEB52C8AEDB9005A6201 /* PhotoCellController.h */,
				BE99AEB62C8AEDD4005A6201 /* PhotoCellController.m */,
			);
			path = "View Controllers";
			sourceTree = "<group>";
		};
		BE8379C02C886F8500B785E3 /* UI */ = {
			isa = PBXGroup;
			children = (
				BE8379BF2C8869C800B785E3 /* View Controllers */,
				BE8379C12C886F9400B785E3 /* Views */,
			);
			path = UI;
			sourceTree = "<group>";
		};
		BE8379C12C886F9400B785E3 /* Views */ = {
			isa = PBXGroup;
			children = (
				BE99AEBC2C8B68AF005A6201 /* Helpers */,
				BE8379C22C886FB800B785E3 /* PhotoCell.h */,
				BE8379C32C886FEB00B785E3 /* PhotoCell.m */,
			);
			path = Views;
			sourceTree = "<group>";
		};
		BE8EBACB2C8EEB0000B51002 /* Cache */ = {
			isa = PBXGroup;
			children = (
				BE8EBACC2C8EEBBC00B51002 /* ImageDataStore.h */,
				BE8EBACD2C8EEE3500B51002 /* ImageDataCacher.h */,
				BE8EBACE2C8EEFBB00B51002 /* ImageDataCacher.m */,
				BE8EBAD02C8EF49B00B51002 /* ImageDataCacherDataLoadTask.h */,
				BE8EBAD12C8EF55C00B51002 /* ImageDataCacherDataLoadTask.m */,
			);
			path = Cache;
			sourceTree = "<group>";
		};
		BE99AEBC2C8B68AF005A6201 /* Helpers */ = {
			isa = PBXGroup;
			children = (
				BE99AEBB2C8B4E78005A6201 /* ShimmeringView.h */,
				BE99AEB92C8B4E6F005A6201 /* ShimmeringView.m */,
			);
			path = Helpers;
			sourceTree = "<group>";
		};
/* End PBXGroup section */

/* Begin PBXNativeTarget section */
		BE8379A22C8867B600B785E3 /* ObjCPractice */ = {
			isa = PBXNativeTarget;
			buildConfigurationList = BE8379BC2C8867B700B785E3 /* Build configuration list for PBXNativeTarget "ObjCPractice" */;
			buildPhases = (
				BE83799F2C8867B600B785E3 /* Sources */,
				BE8379A02C8867B600B785E3 /* Frameworks */,
				BE8379A12C8867B600B785E3 /* Resources */,
			);
			buildRules = (
			);
			dependencies = (
			);
			name = ObjCPractice;
			productName = ObjCPractice;
			productReference = BE8379A32C8867B600B785E3 /* ObjCPractice.app */;
			productType = "com.apple.product-type.application";
		};
/* End PBXNativeTarget section */

/* Begin PBXProject section */
		BE83799B2C8867B600B785E3 /* Project object */ = {
			isa = PBXProject;
			attributes = {
				BuildIndependentTargetsInParallel = 1;
				LastUpgradeCheck = 1540;
				TargetAttributes = {
					BE8379A22C8867B600B785E3 = {
						CreatedOnToolsVersion = 15.4;
					};
				};
			};
			buildConfigurationList = BE83799E2C8867B600B785E3 /* Build configuration list for PBXProject "ObjCPractice" */;
			compatibilityVersion = "Xcode 14.0";
			developmentRegion = en;
			hasScannedForEncodings = 0;
			knownRegions = (
				en,
				Base,
			);
			mainGroup = BE83799A2C8867B600B785E3;
			productRefGroup = BE8379A42C8867B600B785E3 /* Products */;
			projectDirPath = "";
			projectRoot = "";
			targets = (
				BE8379A22C8867B600B785E3 /* ObjCPractice */,
			);
		};
/* End PBXProject section */

/* Begin PBXResourcesBuildPhase section */
		BE8379A12C8867B600B785E3 /* Resources */ = {
			isa = PBXResourcesBuildPhase;
			buildActionMask = 2147483647;
			files = (
				BE8379B32C8867B700B785E3 /* Assets.xcassets in Resources */,
				BE8379B62C8867B700B785E3 /* Base in Resources */,
			);
			runOnlyForDeploymentPostprocessing = 0;
		};
/* End PBXResourcesBuildPhase section */

/* Begin PBXSourcesBuildPhase section */
		BE83799F2C8867B600B785E3 /* Sources */ = {
			isa = PBXSourcesBuildPhase;
			buildActionMask = 2147483647;
			files = (
				BE15F7E92C89AA6900B4559A /* PhotosViewModel.m in Sources */,
				BE7AF7F82C88B81C00DA8BF3 /* Photo.m in Sources */,
				BE70EA7E2C8C32A000FE035E /* PhotosLoaderDispatchToMainDecorator.m in Sources */,
				BE15F7EF2C89B85200B4559A /* HTTPClient.m in Sources */,
				BE15F7F82C89CD3500B4559A /* RemoteImageDataLoaderTask.m in Sources */,
				BE15F7ED2C89B25200B4559A /* RemoteImageDataLoader.m in Sources */,
				BE8379AE2C8867B600B785E3 /* PhotosViewController.m in Sources */,
				BE7AF7F42C88B4E900DA8BF3 /* RemotePhotosLoader.m in Sources */,
				BE8379C42C886FEB00B785E3 /* PhotoCell.m in Sources */,
				BE8379A82C8867B600B785E3 /* AppDelegate.m in Sources */,
				BE8EBAD22C8EF55C00B51002 /* ImageDataCacherDataLoadTask.m in Sources */,
				BE99AEBA2C8B4E6F005A6201 /* ShimmeringView.m in Sources */,
				BE8EBACF2C8EEFBB00B51002 /* ImageDataCacher.m in Sources */,
				BE15F7FB2C89DED600B4559A /* PhotoImageDataViewModel.m in Sources */,
				BE8379B92C8867B700B785E3 /* main.m in Sources */,
				BE99AEC02C8B6BF2005A6201 /* PhotosViewComposer.m in Sources */,
				BE8379AB2C8867B600B785E3 /* SceneDelegate.m in Sources */,
				BE15F7F52C89C85B00B4559A /* URLSessionHTTPClientTask.m in Sources */,
				BE99AEC42C8B74F3005A6201 /* ImageDataLoaderDispatchToMainDecorator.m in Sources */,
				BE0A68852C88EE3C007B9DBF /* URLSessionHTTPClient.m in Sources */,
				BE99AEB72C8AEDD4005A6201 /* PhotoCellController.m in Sources */,
			);
			runOnlyForDeploymentPostprocessing = 0;
		};
/* End PBXSourcesBuildPhase section */

/* Begin PBXVariantGroup section */
		BE8379B42C8867B700B785E3 /* LaunchScreen.storyboard */ = {
			isa = PBXVariantGroup;
			children = (
				BE8379B52C8867B700B785E3 /* Base */,
			);
			name = LaunchScreen.storyboard;
			sourceTree = "<group>";
		};
/* End PBXVariantGroup section */

/* Begin XCBuildConfiguration section */
		BE8379BA2C8867B700B785E3 /* Debug */ = {
			isa = XCBuildConfiguration;
			buildSettings = {
				ALWAYS_SEARCH_USER_PATHS = NO;
				ASSETCATALOG_COMPILER_GENERATE_SWIFT_ASSET_SYMBOL_EXTENSIONS = YES;
				CLANG_ANALYZER_NONNULL = YES;
				CLANG_ANALYZER_NUMBER_OBJECT_CONVERSION = YES_AGGRESSIVE;
				CLANG_CXX_LANGUAGE_STANDARD = "gnu++20";
				CLANG_ENABLE_MODULES = YES;
				CLANG_ENABLE_OBJC_ARC = YES;
				CLANG_ENABLE_OBJC_WEAK = YES;
				CLANG_WARN_BLOCK_CAPTURE_AUTORELEASING = YES;
				CLANG_WARN_BOOL_CONVERSION = YES;
				CLANG_WARN_COMMA = YES;
				CLANG_WARN_CONSTANT_CONVERSION = YES;
				CLANG_WARN_DEPRECATED_OBJC_IMPLEMENTATIONS = YES;
				CLANG_WARN_DIRECT_OBJC_ISA_USAGE = YES_ERROR;
				CLANG_WARN_DOCUMENTATION_COMMENTS = YES;
				CLANG_WARN_EMPTY_BODY = YES;
				CLANG_WARN_ENUM_CONVERSION = YES;
				CLANG_WARN_INFINITE_RECURSION = YES;
				CLANG_WARN_INT_CONVERSION = YES;
				CLANG_WARN_NON_LITERAL_NULL_CONVERSION = YES;
				CLANG_WARN_OBJC_IMPLICIT_RETAIN_SELF = YES;
				CLANG_WARN_OBJC_LITERAL_CONVERSION = YES;
				CLANG_WARN_OBJC_ROOT_CLASS = YES_ERROR;
				CLANG_WARN_QUOTED_INCLUDE_IN_FRAMEWORK_HEADER = YES;
				CLANG_WARN_RANGE_LOOP_ANALYSIS = YES;
				CLANG_WARN_STRICT_PROTOTYPES = YES;
				CLANG_WARN_SUSPICIOUS_MOVE = YES;
				CLANG_WARN_UNGUARDED_AVAILABILITY = YES_AGGRESSIVE;
				CLANG_WARN_UNREACHABLE_CODE = YES;
				CLANG_WARN__DUPLICATE_METHOD_MATCH = YES;
				COPY_PHASE_STRIP = NO;
				DEBUG_INFORMATION_FORMAT = dwarf;
				ENABLE_STRICT_OBJC_MSGSEND = YES;
				ENABLE_TESTABILITY = YES;
				ENABLE_USER_SCRIPT_SANDBOXING = YES;
				GCC_C_LANGUAGE_STANDARD = gnu17;
				GCC_DYNAMIC_NO_PIC = NO;
				GCC_NO_COMMON_BLOCKS = YES;
				GCC_OPTIMIZATION_LEVEL = 0;
				GCC_PREPROCESSOR_DEFINITIONS = (
					"DEBUG=1",
					"$(inherited)",
				);
				GCC_WARN_64_TO_32_BIT_CONVERSION = YES;
				GCC_WARN_ABOUT_RETURN_TYPE = YES_ERROR;
				GCC_WARN_UNDECLARED_SELECTOR = YES;
				GCC_WARN_UNINITIALIZED_AUTOS = YES_AGGRESSIVE;
				GCC_WARN_UNUSED_FUNCTION = YES;
				GCC_WARN_UNUSED_VARIABLE = YES;
				IPHONEOS_DEPLOYMENT_TARGET = 16.0;
				LOCALIZATION_PREFERS_STRING_CATALOGS = YES;
				MTL_ENABLE_DEBUG_INFO = INCLUDE_SOURCE;
				MTL_FAST_MATH = YES;
				ONLY_ACTIVE_ARCH = YES;
				SDKROOT = iphoneos;
			};
			name = Debug;
		};
		BE8379BB2C8867B700B785E3 /* Release */ = {
			isa = XCBuildConfiguration;
			buildSettings = {
				ALWAYS_SEARCH_USER_PATHS = NO;
				ASSETCATALOG_COMPILER_GENERATE_SWIFT_ASSET_SYMBOL_EXTENSIONS = YES;
				CLANG_ANALYZER_NONNULL = YES;
				CLANG_ANALYZER_NUMBER_OBJECT_CONVERSION = YES_AGGRESSIVE;
				CLANG_CXX_LANGUAGE_STANDARD = "gnu++20";
				CLANG_ENABLE_MODULES = YES;
				CLANG_ENABLE_OBJC_ARC = YES;
				CLANG_ENABLE_OBJC_WEAK = YES;
				CLANG_WARN_BLOCK_CAPTURE_AUTORELEASING = YES;
				CLANG_WARN_BOOL_CONVERSION = YES;
				CLANG_WARN_COMMA = YES;
				CLANG_WARN_CONSTANT_CONVERSION = YES;
				CLANG_WARN_DEPRECATED_OBJC_IMPLEMENTATIONS = YES;
				CLANG_WARN_DIRECT_OBJC_ISA_USAGE = YES_ERROR;
				CLANG_WARN_DOCUMENTATION_COMMENTS = YES;
				CLANG_WARN_EMPTY_BODY = YES;
				CLANG_WARN_ENUM_CONVERSION = YES;
				CLANG_WARN_INFINITE_RECURSION = YES;
				CLANG_WARN_INT_CONVERSION = YES;
				CLANG_WARN_NON_LITERAL_NULL_CONVERSION = YES;
				CLANG_WARN_OBJC_IMPLICIT_RETAIN_SELF = YES;
				CLANG_WARN_OBJC_LITERAL_CONVERSION = YES;
				CLANG_WARN_OBJC_ROOT_CLASS = YES_ERROR;
				CLANG_WARN_QUOTED_INCLUDE_IN_FRAMEWORK_HEADER = YES;
				CLANG_WARN_RANGE_LOOP_ANALYSIS = YES;
				CLANG_WARN_STRICT_PROTOTYPES = YES;
				CLANG_WARN_SUSPICIOUS_MOVE = YES;
				CLANG_WARN_UNGUARDED_AVAILABILITY = YES_AGGRESSIVE;
				CLANG_WARN_UNREACHABLE_CODE = YES;
				CLANG_WARN__DUPLICATE_METHOD_MATCH = YES;
				COPY_PHASE_STRIP = NO;
				DEBUG_INFORMATION_FORMAT = "dwarf-with-dsym";
				ENABLE_NS_ASSERTIONS = NO;
				ENABLE_STRICT_OBJC_MSGSEND = YES;
				ENABLE_USER_SCRIPT_SANDBOXING = YES;
				GCC_C_LANGUAGE_STANDARD = gnu17;
				GCC_NO_COMMON_BLOCKS = YES;
				GCC_WARN_64_TO_32_BIT_CONVERSION = YES;
				GCC_WARN_ABOUT_RETURN_TYPE = YES_ERROR;
				GCC_WARN_UNDECLARED_SELECTOR = YES;
				GCC_WARN_UNINITIALIZED_AUTOS = YES_AGGRESSIVE;
				GCC_WARN_UNUSED_FUNCTION = YES;
				GCC_WARN_UNUSED_VARIABLE = YES;
				IPHONEOS_DEPLOYMENT_TARGET = 16.0;
				LOCALIZATION_PREFERS_STRING_CATALOGS = YES;
				MTL_ENABLE_DEBUG_INFO = NO;
				MTL_FAST_MATH = YES;
				SDKROOT = iphoneos;
				VALIDATE_PRODUCT = YES;
			};
			name = Release;
		};
		BE8379BD2C8867B700B785E3 /* Debug */ = {
			isa = XCBuildConfiguration;
			buildSettings = {
				ASSETCATALOG_COMPILER_APPICON_NAME = AppIcon;
				ASSETCATALOG_COMPILER_GLOBAL_ACCENT_COLOR_NAME = AccentColor;
				CODE_SIGN_STYLE = Automatic;
				CURRENT_PROJECT_VERSION = 1;
				DEVELOPMENT_TEAM = DV4M5VPD3C;
				GENERATE_INFOPLIST_FILE = YES;
				INFOPLIST_FILE = ObjCPractice/Info.plist;
				INFOPLIST_KEY_UIApplicationSupportsIndirectInputEvents = YES;
				INFOPLIST_KEY_UILaunchStoryboardName = LaunchScreen;
				INFOPLIST_KEY_UISupportedInterfaceOrientations = UIInterfaceOrientationPortrait;
				INFOPLIST_KEY_UISupportedInterfaceOrientations_iPad = "UIInterfaceOrientationLandscapeLeft UIInterfaceOrientationLandscapeRight UIInterfaceOrientationPortrait";
				IPHONEOS_DEPLOYMENT_TARGET = 16.0;
				LD_RUNPATH_SEARCH_PATHS = (
					"$(inherited)",
					"@executable_path/Frameworks",
				);
				MARKETING_VERSION = 1.0;
				PRODUCT_BUNDLE_IDENTIFIER = com.tszlung.ObjCPractice;
				PRODUCT_NAME = "$(TARGET_NAME)";
				SUPPORTED_PLATFORMS = "iphoneos iphonesimulator";
				SUPPORTS_MACCATALYST = NO;
				SUPPORTS_MAC_DESIGNED_FOR_IPHONE_IPAD = NO;
				SUPPORTS_XR_DESIGNED_FOR_IPHONE_IPAD = NO;
				SWIFT_EMIT_LOC_STRINGS = YES;
				TARGETED_DEVICE_FAMILY = 1;
			};
			name = Debug;
		};
		BE8379BE2C8867B700B785E3 /* Release */ = {
			isa = XCBuildConfiguration;
			buildSettings = {
				ASSETCATALOG_COMPILER_APPICON_NAME = AppIcon;
				ASSETCATALOG_COMPILER_GLOBAL_ACCENT_COLOR_NAME = AccentColor;
				CODE_SIGN_STYLE = Automatic;
				CURRENT_PROJECT_VERSION = 1;
				DEVELOPMENT_TEAM = DV4M5VPD3C;
				GENERATE_INFOPLIST_FILE = YES;
				INFOPLIST_FILE = ObjCPractice/Info.plist;
				INFOPLIST_KEY_UIApplicationSupportsIndirectInputEvents = YES;
				INFOPLIST_KEY_UILaunchStoryboardName = LaunchScreen;
				INFOPLIST_KEY_UISupportedInterfaceOrientations = UIInterfaceOrientationPortrait;
				INFOPLIST_KEY_UISupportedInterfaceOrientations_iPad = "UIInterfaceOrientationLandscapeLeft UIInterfaceOrientationLandscapeRight UIInterfaceOrientationPortrait";
				IPHONEOS_DEPLOYMENT_TARGET = 16.0;
				LD_RUNPATH_SEARCH_PATHS = (
					"$(inherited)",
					"@executable_path/Frameworks",
				);
				MARKETING_VERSION = 1.0;
				PRODUCT_BUNDLE_IDENTIFIER = com.tszlung.ObjCPractice;
				PRODUCT_NAME = "$(TARGET_NAME)";
				SUPPORTED_PLATFORMS = "iphoneos iphonesimulator";
				SUPPORTS_MACCATALYST = NO;
				SUPPORTS_MAC_DESIGNED_FOR_IPHONE_IPAD = NO;
				SUPPORTS_XR_DESIGNED_FOR_IPHONE_IPAD = NO;
				SWIFT_EMIT_LOC_STRINGS = YES;
				TARGETED_DEVICE_FAMILY = 1;
			};
			name = Release;
		};
/* End XCBuildConfiguration section */

/* Begin XCConfigurationList section */
		BE83799E2C8867B600B785E3 /* Build configuration list for PBXProject "ObjCPractice" */ = {
			isa = XCConfigurationList;
			buildConfigurations = (
				BE8379BA2C8867B700B785E3 /* Debug */,
				BE8379BB2C8867B700B785E3 /* Release */,
			);
			defaultConfigurationIsVisible = 0;
			defaultConfigurationName = Release;
		};
		BE8379BC2C8867B700B785E3 /* Build configuration list for PBXNativeTarget "ObjCPractice" */ = {
			isa = XCConfigurationList;
			buildConfigurations = (
				BE8379BD2C8867B700B785E3 /* Debug */,
				BE8379BE2C8867B700B785E3 /* Release */,
			);
			defaultConfigurationIsVisible = 0;
			defaultConfigurationName = Release;
		};
/* End XCConfigurationList section */
	};
	rootObject = BE83799B2C8867B600B785E3 /* Project object */;
}
